// !$*UTF8*$!
{
	archiveVersion = 1;
	classes = {
	};
	objectVersion = 46;
	objects = {

/* Begin PBXBuildFile section */
		3B178CBB1B3032500084E9DE /* AppDelegate.swift in Sources */ = {isa = PBXBuildFile; fileRef = 3B178CBA1B3032500084E9DE /* AppDelegate.swift */; };
		3B178CBD1B3032500084E9DE /* ViewController.swift in Sources */ = {isa = PBXBuildFile; fileRef = 3B178CBC1B3032500084E9DE /* ViewController.swift */; };
		3B178CC01B3032500084E9DE /* Main.storyboard in Resources */ = {isa = PBXBuildFile; fileRef = 3B178CBE1B3032500084E9DE /* Main.storyboard */; };
		3B178CC21B3032500084E9DE /* Images.xcassets in Resources */ = {isa = PBXBuildFile; fileRef = 3B178CC11B3032500084E9DE /* Images.xcassets */; };
		3B178CC51B3032500084E9DE /* LaunchScreen.xib in Resources */ = {isa = PBXBuildFile; fileRef = 3B178CC31B3032500084E9DE /* LaunchScreen.xib */; };
		3B178CD11B3032500084E9DE /* TestNSSetUncaughtExceptionHandlerTests.swift in Sources */ = {isa = PBXBuildFile; fileRef = 3B178CD01B3032500084E9DE /* TestNSSetUncaughtExceptionHandlerTests.swift */; };
		3B178CDC1B3032CE0084E9DE /* TestExceptionHandler.m in Sources */ = {isa = PBXBuildFile; fileRef = 3B178CDB1B3032CE0084E9DE /* TestExceptionHandler.m */; };
/* End PBXBuildFile section */

/* Begin PBXContainerItemProxy section */
		3B178CCB1B3032500084E9DE /* PBXContainerItemProxy */ = {
			isa = PBXContainerItemProxy;
			containerPortal = 3B178CAD1B3032500084E9DE /* Project object */;
			proxyType = 1;
			remoteGlobalIDString = 3B178CB41B3032500084E9DE;
			remoteInfo = TestNSSetUncaughtExceptionHandler;
		};
/* End PBXContainerItemProxy section */

/* Begin PBXFileReference section */
		3B178CB51B3032500084E9DE /* TestNSSetUncaughtExceptionHandler.app */ = {isa = PBXFileReference; explicitFileType = wrapper.application; includeInIndex = 0; path = TestNSSetUncaughtExceptionHandler.app; sourceTree = BUILT_PRODUCTS_DIR; };
		3B178CB91B3032500084E9DE /* Info.plist */ = {isa = PBXFileReference; lastKnownFileType = text.plist.xml; path = Info.plist; sourceTree = "<group>"; };
		3B178CBA1B3032500084E9DE /* AppDelegate.swift */ = {isa = PBXFileReference; lastKnownFileType = sourcecode.swift; path = AppDelegate.swift; sourceTree = "<group>"; };
		3B178CBC1B3032500084E9DE /* ViewController.swift */ = {isa = PBXFileReference; lastKnownFileType = sourcecode.swift; path = ViewController.swift; sourceTree = "<group>"; };
		3B178CBF1B3032500084E9DE /* Base */ = {isa = PBXFileReference; lastKnownFileType = file.storyboard; name = Base; path = Base.lproj/Main.storyboard; sourceTree = "<group>"; };
		3B178CC11B3032500084E9DE /* Images.xcassets */ = {isa = PBXFileReference; lastKnownFileType = folder.assetcatalog; path = Images.xcassets; sourceTree = "<group>"; };
		3B178CC41B3032500084E9DE /* Base */ = {isa = PBXFileReference; lastKnownFileType = file.xib; name = Base; path = Base.lproj/LaunchScreen.xib; sourceTree = "<group>"; };
		3B178CCA1B3032500084E9DE /* TestNSSetUncaughtExceptionHandlerTests.xctest */ = {isa = PBXFileReference; explicitFileType = wrapper.cfbundle; includeInIndex = 0; path = TestNSSetUncaughtExceptionHandlerTests.xctest; sourceTree = BUILT_PRODUCTS_DIR; };
		3B178CCF1B3032500084E9DE /* Info.plist */ = {isa = PBXFileReference; lastKnownFileType = text.plist.xml; path = Info.plist; sourceTree = "<group>"; };
		3B178CD01B3032500084E9DE /* TestNSSetUncaughtExceptionHandlerTests.swift */ = {isa = PBXFileReference; lastKnownFileType = sourcecode.swift; path = TestNSSetUncaughtExceptionHandlerTests.swift; sourceTree = "<group>"; };
		3B178CDA1B3032CE0084E9DE /* TestNSSetUncaughtExceptionHandler-Bridging-Header.h */ = {isa = PBXFileReference; lastKnownFileType = sourcecode.c.h; path = "TestNSSetUncaughtExceptionHandler-Bridging-Header.h"; sourceTree = "<group>"; };
		3B178CDB1B3032CE0084E9DE /* TestExceptionHandler.m */ = {isa = PBXFileReference; fileEncoding = 4; lastKnownFileType = sourcecode.c.objc; path = TestExceptionHandler.m; sourceTree = "<group>"; };
		3B178CDD1B3032E20084E9DE /* TestExceptionHandler.h */ = {isa = PBXFileReference; lastKnownFileType = sourcecode.c.h; path = TestExceptionHandler.h; sourceTree = "<group>"; };
/* End PBXFileReference section */

/* Begin PBXFrameworksBuildPhase section */
		3B178CB21B3032500084E9DE /* Frameworks */ = {
			isa = PBXFrameworksBuildPhase;
			buildActionMask = 2147483647;
			files = (
			);
			runOnlyForDeploymentPostprocessing = 0;
		};
		3B178CC71B3032500084E9DE /* Frameworks */ = {
			isa = PBXFrameworksBuildPhase;
			buildActionMask = 2147483647;
			files = (
			);
			runOnlyForDeploymentPostprocessing = 0;
		};
/* End PBXFrameworksBuildPhase section */

/* Begin PBXGroup section */
		3B178CAC1B3032500084E9DE = {
			isa = PBXGroup;
			children = (
				3B178CB71B3032500084E9DE /* TestNSSetUncaughtExceptionHandler */,
				3B178CCD1B3032500084E9DE /* TestNSSetUncaughtExceptionHandlerTests */,
				3B178CB61B3032500084E9DE /* Products */,
			);
			sourceTree = "<group>";
		};
		3B178CB61B3032500084E9DE /* Products */ = {
			isa = PBXGroup;
			children = (
				3B178CB51B3032500084E9DE /* TestNSSetUncaughtExceptionHandler.app */,
				3B178CCA1B3032500084E9DE /* TestNSSetUncaughtExceptionHandlerTests.xctest */,
			);
			name = Products;
			sourceTree = "<group>";
		};
		3B178CB71B3032500084E9DE /* TestNSSetUncaughtExceptionHandler */ = {
			isa = PBXGroup;
			children = (
				3B178CBA1B3032500084E9DE /* AppDelegate.swift */,
				3B178CBC1B3032500084E9DE /* ViewController.swift */,
				3B178CBE1B3032500084E9DE /* Main.storyboard */,
				3B178CC11B3032500084E9DE /* Images.xcassets */,
				3B178CC31B3032500084E9DE /* LaunchScreen.xib */,
				3B178CB81B3032500084E9DE /* Supporting Files */,
				3B178CDD1B3032E20084E9DE /* TestExceptionHandler.h */,
				3B178CDB1B3032CE0084E9DE /* TestExceptionHandler.m */,
				3B178CDA1B3032CE0084E9DE /* TestNSSetUncaughtExceptionHandler-Bridging-Header.h */,
			);
			path = TestNSSetUncaughtExceptionHandler;
			sourceTree = "<group>";
		};
		3B178CB81B3032500084E9DE /* Supporting Files */ = {
			isa = PBXGroup;
			children = (
				3B178CB91B3032500084E9DE /* Info.plist */,
			);
			name = "Supporting Files";
			sourceTree = "<group>";
		};
		3B178CCD1B3032500084E9DE /* TestNSSetUncaughtExceptionHandlerTests */ = {
			isa = PBXGroup;
			children = (
				3B178CD01B3032500084E9DE /* TestNSSetUncaughtExceptionHandlerTests.swift */,
				3B178CCE1B3032500084E9DE /* Supporting Files */,
			);
			path = TestNSSetUncaughtExceptionHandlerTests;
			sourceTree = "<group>";
		};
		3B178CCE1B3032500084E9DE /* Supporting Files */ = {
			isa = PBXGroup;
			children = (
				3B178CCF1B3032500084E9DE /* Info.plist */,
			);
			name = "Supporting Files";
			sourceTree = "<group>";
		};
/* End PBXGroup section */

/* Begin PBXNativeTarget section */
		3B178CB41B3032500084E9DE /* TestNSSetUncaughtExceptionHandler */ = {
			isa = PBXNativeTarget;
			buildConfigurationList = 3B178CD41B3032500084E9DE /* Build configuration list for PBXNativeTarget "TestNSSetUncaughtExceptionHandler" */;
			buildPhases = (
				3B178CB11B3032500084E9DE /* Sources */,
				3B178CB21B3032500084E9DE /* Frameworks */,
				3B178CB31B3032500084E9DE /* Resources */,
			);
			buildRules = (
			);
			dependencies = (
			);
			name = TestNSSetUncaughtExceptionHandler;
			productName = TestNSSetUncaughtExceptionHandler;
			productReference = 3B178CB51B3032500084E9DE /* TestNSSetUncaughtExceptionHandler.app */;
			productType = "com.apple.product-type.application";
		};
		3B178CC91B3032500084E9DE /* TestNSSetUncaughtExceptionHandlerTests */ = {
			isa = PBXNativeTarget;
			buildConfigurationList = 3B178CD71B3032500084E9DE /* Build configuration list for PBXNativeTarget "TestNSSetUncaughtExceptionHandlerTests" */;
			buildPhases = (
				3B178CC61B3032500084E9DE /* Sources */,
				3B178CC71B3032500084E9DE /* Frameworks */,
				3B178CC81B3032500084E9DE /* Resources */,
			);
			buildRules = (
			);
			dependencies = (
				3B178CCC1B3032500084E9DE /* PBXTargetDependency */,
			);
			name = TestNSSetUncaughtExceptionHandlerTests;
			productName = TestNSSetUncaughtExceptionHandlerTests;
			productReference = 3B178CCA1B3032500084E9DE /* TestNSSetUncaughtExceptionHandlerTests.xctest */;
			productType = "com.apple.product-type.bundle.unit-test";
		};
/* End PBXNativeTarget section */

/* Begin PBXProject section */
		3B178CAD1B3032500084E9DE /* Project object */ = {
			isa = PBXProject;
			attributes = {
				LastUpgradeCheck = 0630;
				ORGANIZATIONNAME = ayo1103;
				TargetAttributes = {
					3B178CB41B3032500084E9DE = {
						CreatedOnToolsVersion = 6.3.2;
					};
					3B178CC91B3032500084E9DE = {
						CreatedOnToolsVersion = 6.3.2;
						TestTargetID = 3B178CB41B3032500084E9DE;
					};
				};
			};
			buildConfigurationList = 3B178CB01B3032500084E9DE /* Build configuration list for PBXProject "TestNSSetUncaughtExceptionHandler" */;
			compatibilityVersion = "Xcode 3.2";
			developmentRegion = English;
			hasScannedForEncodings = 0;
			knownRegions = (
				en,
				Base,
			);
			mainGroup = 3B178CAC1B3032500084E9DE;
			productRefGroup = 3B178CB61B3032500084E9DE /* Products */;
			projectDirPath = "";
			projectRoot = "";
			targets = (
				3B178CB41B3032500084E9DE /* TestNSSetUncaughtExceptionHandler */,
				3B178CC91B3032500084E9DE /* TestNSSetUncaughtExceptionHandlerTests */,
			);
		};
/* End PBXProject section */

/* Begin PBXResourcesBuildPhase section */
		3B178CB31B3032500084E9DE /* Resources */ = {
			isa = PBXResourcesBuildPhase;
			buildActionMask = 2147483647;
			files = (
				3B178CC01B3032500084E9DE /* Main.storyboard in Resources */,
				3B178CC51B3032500084E9DE /* LaunchScreen.xib in Resources */,
				3B178CC21B3032500084E9DE /* Images.xcassets in Resources */,
			);
			runOnlyForDeploymentPostprocessing = 0;
		};
		3B178CC81B3032500084E9DE /* Resources */ = {
			isa = PBXResourcesBuildPhase;
			buildActionMask = 2147483647;
			files = (
			);
			runOnlyForDeploymentPostprocessing = 0;
		};
/* End PBXResourcesBuildPhase section */

/* Begin PBXSourcesBuildPhase section */
		3B178CB11B3032500084E9DE /* Sources */ = {
			isa = PBXSourcesBuildPhase;
			buildActionMask = 2147483647;
			files = (
				3B178CDC1B3032CE0084E9DE /* TestExceptionHandler.m in Sources */,
				3B178CBD1B3032500084E9DE /* ViewController.swift in Sources */,
				3B178CBB1B3032500084E9DE /* AppDelegate.swift in Sources */,
			);
			runOnlyForDeploymentPostprocessing = 0;
		};
		3B178CC61B3032500084E9DE /* Sources */ = {
			isa = PBXSourcesBuildPhase;
			buildActionMask = 2147483647;
			files = (
				3B178CD11B3032500084E9DE /* TestNSSetUncaughtExceptionHandlerTests.swift in Sources */,
			);
			runOnlyForDeploymentPostprocessing = 0;
		};
/* End PBXSourcesBuildPhase section */

/* Begin PBXTargetDependency section */
		3B178CCC1B3032500084E9DE /* PBXTargetDependency */ = {
			isa = PBXTargetDependency;
			target = 3B178CB41B3032500084E9DE /* TestNSSetUncaughtExceptionHandler */;
			targetProxy = 3B178CCB1B3032500084E9DE /* PBXContainerItemProxy */;
		};
/* End PBXTargetDependency section */

/* Begin PBXVariantGroup section */
		3B178CBE1B3032500084E9DE /* Main.storyboard */ = {
			isa = PBXVariantGroup;
			children = (
				3B178CBF1B3032500084E9DE /* Base */,
			);
			name = Main.storyboard;
			sourceTree = "<group>";
		};
		3B178CC31B3032500084E9DE /* LaunchScreen.xib */ = {
			isa = PBXVariantGroup;
			children = (
				3B178CC41B3032500084E9DE /* Base */,
			);
			name = LaunchScreen.xib;
			sourceTree = "<group>";
		};
/* End PBXVariantGroup section */

/* Begin XCBuildConfiguration section */
		3B178CD21B3032500084E9DE /* Debug */ = {
			isa = XCBuildConfiguration;
			buildSettings = {
				ALWAYS_SEARCH_USER_PATHS = NO;
				CLANG_CXX_LANGUAGE_STANDARD = "gnu++0x";
				CLANG_CXX_LIBRARY = "libc++";
				CLANG_ENABLE_MODULES = YES;
				CLANG_ENABLE_OBJC_ARC = YES;
				CLANG_WARN_BOOL_CONVERSION = YES;
				CLANG_WARN_CONSTANT_CONVERSION = YES;
				CLANG_WARN_DIRECT_OBJC_ISA_USAGE = YES_ERROR;
				CLANG_WARN_EMPTY_BODY = YES;
				CLANG_WARN_ENUM_CONVERSION = YES;
				CLANG_WARN_INT_CONVERSION = YES;
				CLANG_WARN_OBJC_ROOT_CLASS = YES_ERROR;
				CLANG_WARN_UNREACHABLE_CODE = YES;
				CLANG_WARN__DUPLICATE_METHOD_MATCH = YES;
				"CODE_SIGN_IDENTITY[sdk=iphoneos*]" = "iPhone Developer";
				COPY_PHASE_STRIP = NO;
				DEBUG_INFORMATION_FORMAT = "dwarf-with-dsym";
				ENABLE_STRICT_OBJC_MSGSEND = YES;
				GCC_C_LANGUAGE_STANDARD = gnu99;
				GCC_DYNAMIC_NO_PIC = NO;
				GCC_NO_COMMON_BLOCKS = YES;
				GCC_OPTIMIZATION_LEVEL = 0;
				GCC_PREPROCESSOR_DEFINITIONS = (
					"DEBUG=1",
					"$(inherited)",
				);
				GCC_SYMBOLS_PRIVATE_EXTERN = NO;
				GCC_WARN_64_TO_32_BIT_CONVERSION = YES;
				GCC_WARN_ABOUT_RETURN_TYPE = YES_ERROR;
				GCC_WARN_UNDECLARED_SELECTOR = YES;
				GCC_WARN_UNINITIALIZED_AUTOS = YES_AGGRESSIVE;
				GCC_WARN_UNUSED_FUNCTION = YES;
				GCC_WARN_UNUSED_VARIABLE = YES;
				IPHONEOS_DEPLOYMENT_TARGET = 8.3;
				MTL_ENABLE_DEBUG_INFO = YES;
				ONLY_ACTIVE_ARCH = YES;
				SDKROOT = iphoneos;
				SWIFT_OPTIMIZATION_LEVEL = "-Onone";
			};
			name = Debug;
		};
		3B178CD31B3032500084E9DE /* Release */ = {
			isa = XCBuildConfiguration;
			buildSettings = {
				ALWAYS_SEARCH_USER_PATHS = NO;
				CLANG_CXX_LANGUAGE_STANDARD = "gnu++0x";
				CLANG_CXX_LIBRARY = "libc++";
				CLANG_ENABLE_MODULES = YES;
				CLANG_ENABLE_OBJC_ARC = YES;
				CLANG_WARN_BOOL_CONVERSION = YES;
				CLANG_WARN_CONSTANT_CONVERSION = YES;
				CLANG_WARN_DIRECT_OBJC_ISA_USAGE = YES_ERROR;
				CLANG_WARN_EMPTY_BODY = YES;
				CLANG_WARN_ENUM_CONVERSION = YES;
				CLANG_WARN_INT_CONVERSION = YES;
				CLANG_WARN_OBJC_ROOT_CLASS = YES_ERROR;
				CLANG_WARN_UNREACHABLE_CODE = YES;
				CLANG_WARN__DUPLICATE_METHOD_MATCH = YES;
				"CODE_SIGN_IDENTITY[sdk=iphoneos*]" = "iPhone Developer";
				COPY_PHASE_STRIP = NO;
				DEBUG_INFORMATION_FORMAT = "dwarf-with-dsym";
				ENABLE_NS_ASSERTIONS = NO;
				ENABLE_STRICT_OBJC_MSGSEND = YES;
				GCC_C_LANGUAGE_STANDARD = gnu99;
				GCC_NO_COMMON_BLOCKS = YES;
				GCC_WARN_64_TO_32_BIT_CONVERSION = YES;
				GCC_WARN_ABOUT_RETURN_TYPE = YES_ERROR;
				GCC_WARN_UNDECLARED_SELECTOR = YES;
				GCC_WARN_UNINITIALIZED_AUTOS = YES_AGGRESSIVE;
				GCC_WARN_UNUSED_FUNCTION = YES;
				GCC_WARN_UNUSED_VARIABLE = YES;
				IPHONEOS_DEPLOYMENT_TARGET = 8.3;
				MTL_ENABLE_DEBUG_INFO = NO;
				SDKROOT = iphoneos;
				VALIDATE_PRODUCT = YES;
			};
			name = Release;
		};
		3B178CD51B3032500084E9DE /* Debug */ = {
			isa = XCBuildConfiguration;
			buildSettings = {
				ASSETCATALOG_COMPILER_APPICON_NAME = AppIcon;
				CLANG_ENABLE_MODULES = YES;
				INFOPLIST_FILE = TestNSSetUncaughtExceptionHandler/Info.plist;
				LD_RUNPATH_SEARCH_PATHS = "$(inherited) @executable_path/Frameworks";
				PRODUCT_NAME = "$(TARGET_NAME)";
				SWIFT_OBJC_BRIDGING_HEADER = "TestNSSetUncaughtExceptionHandler/TestNSSetUncaughtExceptionHandler-Bridging-Header.h";
				SWIFT_OPTIMIZATION_LEVEL = "-Onone";
			};
			name = Debug;
		};
		3B178CD61B3032500084E9DE /* Release */ = {
			isa = XCBuildConfiguration;
			buildSettings = {
				ASSETCATALOG_COMPILER_APPICON_NAME = AppIcon;
				CLANG_ENABLE_MODULES = YES;
				INFOPLIST_FILE = TestNSSetUncaughtExceptionHandler/Info.plist;
				LD_RUNPATH_SEARCH_PATHS = "$(inherited) @executable_path/Frameworks";
				PRODUCT_NAME = "$(TARGET_NAME)";
				SWIFT_OBJC_BRIDGING_HEADER = "TestNSSetUncaughtExceptionHandler/TestNSSetUncaughtExceptionHandler-Bridging-Header.h";
			};
			name = Release;
		};
		3B178CD81B3032500084E9DE /* Debug */ = {
			isa = XCBuildConfiguration;
			buildSettings = {
				BUNDLE_LOADER = "$(TEST_HOST)";
				FRAMEWORK_SEARCH_PATHS = (
					"$(SDKROOT)/Developer/Library/Frameworks",
					"$(inherited)",
				);
				GCC_PREPROCESSOR_DEFINITIONS = (
					"DEBUG=1",
					"$(inherited)",
				);
				INFOPLIST_FILE = TestNSSetUncaughtExceptionHandlerTests/Info.plist;
				LD_RUNPATH_SEARCH_PATHS = "$(inherited) @executable_path/Frameworks @loader_path/Frameworks";
				PRODUCT_NAME = "$(TARGET_NAME)";
				TEST_HOST = "$(BUILT_PRODUCTS_DIR)/TestNSSetUncaughtExceptionHandler.app/TestNSSetUncaughtExceptionHandler";
			};
			name = Debug;
		};
		3B178CD91B3032500084E9DE /* Release */ = {
			isa = XCBuildConfiguration;
			buildSettings = {
				BUNDLE_LOADER = "$(TEST_HOST)";
				FRAMEWORK_SEARCH_PATHS = (
					"$(SDKROOT)/Developer/Library/Frameworks",
					"$(inherited)",
				);
				INFOPLIST_FILE = TestNSSetUncaughtExceptionHandlerTests/Info.plist;
				LD_RUNPATH_SEARCH_PATHS = "$(inherited) @executable_path/Frameworks @loader_path/Frameworks";
				PRODUCT_NAME = "$(TARGET_NAME)";
				TEST_HOST = "$(BUILT_PRODUCTS_DIR)/TestNSSetUncaughtExceptionHandler.app/TestNSSetUncaughtExceptionHandler";
			};
			name = Release;
		};
/* End XCBuildConfiguration section */

/* Begin XCConfigurationList section */
		3B178CB01B3032500084E9DE /* Build configuration list for PBXProject "TestNSSetUncaughtExceptionHandler" */ = {
			isa = XCConfigurationList;
			buildConfigurations = (
				3B178CD21B3032500084E9DE /* Debug */,
				3B178CD31B3032500084E9DE /* Release */,
			);
			defaultConfigurationIsVisible = 0;
			defaultConfigurationName = Release;
		};
		3B178CD41B3032500084E9DE /* Build configuration list for PBXNativeTarget "TestNSSetUncaughtExceptionHandler" */ = {
			isa = XCConfigurationList;
			buildConfigurations = (
				3B178CD51B3032500084E9DE /* Debug */,
				3B178CD61B3032500084E9DE /* Release */,
			);
			defaultConfigurationIsVisible = 0;
		};
		3B178CD71B3032500084E9DE /* Build configuration list for PBXNativeTarget "TestNSSetUncaughtExceptionHandlerTests" */ = {
			isa = XCConfigurationList;
			buildConfigurations = (
				3B178CD81B3032500084E9DE /* Debug */,
				3B178CD91B3032500084E9DE /* Release */,
			);
			defaultConfigurationIsVisible = 0;
		};
/* End XCConfigurationList section */
	};
	rootObject = 3B178CAD1B3032500084E9DE /* Project object */;
}
